// !$*UTF8*$!
{
	archiveVersion = 1;
	classes = {
	};
	objectVersion = 46;
	objects = {

/* Begin PBXBuildFile section */
		210EC6351E4ED0E000643FD3 /* LocationHelper.swift in Sources */ = {isa = PBXBuildFile; fileRef = 210EC6341E4ED0E000643FD3 /* LocationHelper.swift */; };
		21103D9B1E4A99370097F595 /* Constants.swift in Sources */ = {isa = PBXBuildFile; fileRef = 21103D9A1E4A99370097F595 /* Constants.swift */; };
		21103D9E1E4AB7900097F595 /* JobImageCell.swift in Sources */ = {isa = PBXBuildFile; fileRef = 21103D9D1E4AB7900097F595 /* JobImageCell.swift */; };
		21B38EFC1DCC21A4000A5CB1 /* AppDelegate.swift in Sources */ = {isa = PBXBuildFile; fileRef = 21B38EFB1DCC21A4000A5CB1 /* AppDelegate.swift */; };
		21B38F031DCC21A4000A5CB1 /* Assets.xcassets in Resources */ = {isa = PBXBuildFile; fileRef = 21B38F021DCC21A4000A5CB1 /* Assets.xcassets */; };
		21B38F111DCC21A4000A5CB1 /* HireMeTests.swift in Sources */ = {isa = PBXBuildFile; fileRef = 21B38F101DCC21A4000A5CB1 /* HireMeTests.swift */; };
		21B38F1C1DCC21A4000A5CB1 /* HireMeUITests.swift in Sources */ = {isa = PBXBuildFile; fileRef = 21B38F1B1DCC21A4000A5CB1 /* HireMeUITests.swift */; };
		21C3C3331E5E940400836477 /* SelectedBid.swift in Sources */ = {isa = PBXBuildFile; fileRef = 21C3C3321E5E940400836477 /* SelectedBid.swift */; };
		21C3C3351E5E957D00836477 /* SelectedBidController.swift in Sources */ = {isa = PBXBuildFile; fileRef = 21C3C3341E5E957D00836477 /* SelectedBidController.swift */; };
		6B9D6528207E89B71A2A96D2 /* Pods_HireMe.framework in Frameworks */ = {isa = PBXBuildFile; fileRef = C63FA781523A1671C7EC4C65 /* Pods_HireMe.framework */; };
		A20D39D3566CC81D2A69B0E6 /* Pods_HireMeTests.framework in Frameworks */ = {isa = PBXBuildFile; fileRef = 60B3B5B55512633A4F50B917 /* Pods_HireMeTests.framework */; };
		D001AB2B1E4ED920008D3251 /* SignInViewController.swift in Sources */ = {isa = PBXBuildFile; fileRef = D001AB2A1E4ED920008D3251 /* SignInViewController.swift */; };
		D027A0E91E58D72B00B5576E /* SettingsTableViewController.swift in Sources */ = {isa = PBXBuildFile; fileRef = D027A0E81E58D72B00B5576E /* SettingsTableViewController.swift */; };
		D02E742E1E7E1FA80066DC99 /* SearchJobTableViewCell.swift in Sources */ = {isa = PBXBuildFile; fileRef = D02E742D1E7E1FA80066DC99 /* SearchJobTableViewCell.swift */; };
		D02E74301E7E220B0066DC99 /* JobAdvertiserTableViewCell.swift in Sources */ = {isa = PBXBuildFile; fileRef = D02E742F1E7E220B0066DC99 /* JobAdvertiserTableViewCell.swift */; };
		D02E74321E7E24160066DC99 /* ProviderJobDetailTableViewController.swift in Sources */ = {isa = PBXBuildFile; fileRef = D02E74311E7E24160066DC99 /* ProviderJobDetailTableViewController.swift */; };
		D02E74341E7E2BAF0066DC99 /* User.swift in Sources */ = {isa = PBXBuildFile; fileRef = D02E74331E7E2BAF0066DC99 /* User.swift */; };
		D02E74361E7E36C00066DC99 /* RatingStarsHelper.swift in Sources */ = {isa = PBXBuildFile; fileRef = D02E74351E7E36C00066DC99 /* RatingStarsHelper.swift */; };
		D02E74381E7E43480066DC99 /* ProviderJobInfoItemTableViewCell.swift in Sources */ = {isa = PBXBuildFile; fileRef = D02E74371E7E43480066DC99 /* ProviderJobInfoItemTableViewCell.swift */; };
		D03EEFA31E4C28BE006D18B1 /* AdSupport.framework in Frameworks */ = {isa = PBXBuildFile; fileRef = D03EEFA21E4C28BE006D18B1 /* AdSupport.framework */; };
		D0495ECB1E49804A0076A548 /* SignInHelper.swift in Sources */ = {isa = PBXBuildFile; fileRef = D0495ECA1E49804A0076A548 /* SignInHelper.swift */; };
		D05A24A21E69481500DB6268 /* MenuStoryboard.storyboard in Resources */ = {isa = PBXBuildFile; fileRef = D05A24A11E69481500DB6268 /* MenuStoryboard.storyboard */; };
		D05A24A91E694E3500DB6268 /* ClosureBarButtonItem.swift in Sources */ = {isa = PBXBuildFile; fileRef = D05A24A61E694E3500DB6268 /* ClosureBarButtonItem.swift */; };
		D05A24AA1E694E3500DB6268 /* DarkHighlightButton.swift in Sources */ = {isa = PBXBuildFile; fileRef = D05A24A71E694E3500DB6268 /* DarkHighlightButton.swift */; };
		D05A24AB1E694E3500DB6268 /* NextPrevControlTextField.swift in Sources */ = {isa = PBXBuildFile; fileRef = D05A24A81E694E3500DB6268 /* NextPrevControlTextField.swift */; };
		D0797C951E49701A00BA7B19 /* BidsTableViewController.swift in Sources */ = {isa = PBXBuildFile; fileRef = D0797C8A1E49701A00BA7B19 /* BidsTableViewController.swift */; };
		D0797C961E49701A00BA7B19 /* CategoryTableViewController.swift in Sources */ = {isa = PBXBuildFile; fileRef = D0797C8B1E49701A00BA7B19 /* CategoryTableViewController.swift */; };
		D0797C991E49701A00BA7B19 /* ProviderJobsTableViewController.swift in Sources */ = {isa = PBXBuildFile; fileRef = D0797C8E1E49701A00BA7B19 /* ProviderJobsTableViewController.swift */; };
		D0797C9C1E49701A00BA7B19 /* NewBidViewController.swift in Sources */ = {isa = PBXBuildFile; fileRef = D0797C911E49701A00BA7B19 /* NewBidViewController.swift */; };
		D0797C9D1E49701A00BA7B19 /* ProviderTabBarController.swift in Sources */ = {isa = PBXBuildFile; fileRef = D0797C921E49701A00BA7B19 /* ProviderTabBarController.swift */; };
		D0797C9E1E49701A00BA7B19 /* SearchTableViewController.swift in Sources */ = {isa = PBXBuildFile; fileRef = D0797C931E49701A00BA7B19 /* SearchTableViewController.swift */; };
		D0797CA01E49767E00BA7B19 /* ProviderStoryboard.storyboard in Resources */ = {isa = PBXBuildFile; fileRef = D0797C9F1E49767E00BA7B19 /* ProviderStoryboard.storyboard */; };
		D0797CA71E49778600BA7B19 /* AccountTableViewController.swift in Sources */ = {isa = PBXBuildFile; fileRef = D0797CA21E49778600BA7B19 /* AccountTableViewController.swift */; };
		D0797CA81E49778600BA7B19 /* CreateAccountTableViewController.swift in Sources */ = {isa = PBXBuildFile; fileRef = D0797CA31E49778600BA7B19 /* CreateAccountTableViewController.swift */; };
		D0797CA91E49778600BA7B19 /* LoginViewController.swift in Sources */ = {isa = PBXBuildFile; fileRef = D0797CA41E49778600BA7B19 /* LoginViewController.swift */; };
		D0797CAA1E49778600BA7B19 /* MenuTableViewController.swift in Sources */ = {isa = PBXBuildFile; fileRef = D0797CA51E49778600BA7B19 /* MenuTableViewController.swift */; };
		D0797CAB1E49778600BA7B19 /* ViewPhotosViewController.swift in Sources */ = {isa = PBXBuildFile; fileRef = D0797CA61E49778600BA7B19 /* ViewPhotosViewController.swift */; };
		D0797CAE1E49787600BA7B19 /* ConsumerStoryboard.storyboard in Resources */ = {isa = PBXBuildFile; fileRef = D0797CAC1E49787600BA7B19 /* ConsumerStoryboard.storyboard */; };
		D0797CAF1E49787600BA7B19 /* ImageViewStoryboard.storyboard in Resources */ = {isa = PBXBuildFile; fileRef = D0797CAD1E49787600BA7B19 /* ImageViewStoryboard.storyboard */; };
		D0797CB91E49796000BA7B19 /* Bid.swift in Sources */ = {isa = PBXBuildFile; fileRef = D0797CB11E49796000BA7B19 /* Bid.swift */; };
		D0797CBA1E49796000BA7B19 /* BidController.swift in Sources */ = {isa = PBXBuildFile; fileRef = D0797CB21E49796000BA7B19 /* BidController.swift */; };
		D0797CBB1E49796000BA7B19 /* Bidder.swift in Sources */ = {isa = PBXBuildFile; fileRef = D0797CB31E49796000BA7B19 /* Bidder.swift */; };
		D0797CBC1E49796000BA7B19 /* BidderController.swift in Sources */ = {isa = PBXBuildFile; fileRef = D0797CB41E49796000BA7B19 /* BidderController.swift */; };
		D0797CBD1E49796000BA7B19 /* Job.swift in Sources */ = {isa = PBXBuildFile; fileRef = D0797CB51E49796000BA7B19 /* Job.swift */; };
		D0797CBE1E49796000BA7B19 /* JobController.swift in Sources */ = {isa = PBXBuildFile; fileRef = D0797CB61E49796000BA7B19 /* JobController.swift */; };
		D0797CBF1E49796000BA7B19 /* Skill.swift in Sources */ = {isa = PBXBuildFile; fileRef = D0797CB71E49796000BA7B19 /* Skill.swift */; };
		D0797CC01E49796000BA7B19 /* SkillController.swift in Sources */ = {isa = PBXBuildFile; fileRef = D0797CB81E49796000BA7B19 /* SkillController.swift */; };
		D0797CCB1E4979FC00BA7B19 /* ConsumerJobsTableViewController.swift in Sources */ = {isa = PBXBuildFile; fileRef = D0797CC21E4979FC00BA7B19 /* ConsumerJobsTableViewController.swift */; };
		D0797CCC1E4979FC00BA7B19 /* BidderDescriptionCell.swift in Sources */ = {isa = PBXBuildFile; fileRef = D0797CC41E4979FC00BA7B19 /* BidderDescriptionCell.swift */; };
		D0797CCD1E4979FC00BA7B19 /* BidderImageCell.swift in Sources */ = {isa = PBXBuildFile; fileRef = D0797CC51E4979FC00BA7B19 /* BidderImageCell.swift */; };
		D0797CCE1E4979FC00BA7B19 /* BidderInfoCell.swift in Sources */ = {isa = PBXBuildFile; fileRef = D0797CC61E4979FC00BA7B19 /* BidderInfoCell.swift */; };
		D0797CCF1E4979FC00BA7B19 /* JobInfoCell.swift in Sources */ = {isa = PBXBuildFile; fileRef = D0797CC71E4979FC00BA7B19 /* JobInfoCell.swift */; };
		D0797CD01E4979FC00BA7B19 /* NewJobTableViewController.swift in Sources */ = {isa = PBXBuildFile; fileRef = D0797CC81E4979FC00BA7B19 /* NewJobTableViewController.swift */; };
		D0797CD11E4979FC00BA7B19 /* ViewBidderTableViewController.swift in Sources */ = {isa = PBXBuildFile; fileRef = D0797CC91E4979FC00BA7B19 /* ViewBidderTableViewController.swift */; };
		D0797CD21E4979FC00BA7B19 /* ViewJobTableViewController.swift in Sources */ = {isa = PBXBuildFile; fileRef = D0797CCA1E4979FC00BA7B19 /* ViewJobTableViewController.swift */; };
		D0797CD81E497B1A00BA7B19 /* AlertHelper.swift in Sources */ = {isa = PBXBuildFile; fileRef = D0797CD41E497B1A00BA7B19 /* AlertHelper.swift */; };
		D0797CD91E497B1A00BA7B19 /* Extensions.swift in Sources */ = {isa = PBXBuildFile; fileRef = D0797CD51E497B1A00BA7B19 /* Extensions.swift */; };
		D0ECA6C31E39B33C001AB162 /* GoogleService-Info.plist in Resources */ = {isa = PBXBuildFile; fileRef = D0ECA6C21E39B33C001AB162 /* GoogleService-Info.plist */; };
		D0ECA6C41E39B347001AB162 /* GoogleService-Info.plist in Resources */ = {isa = PBXBuildFile; fileRef = D0ECA6C21E39B33C001AB162 /* GoogleService-Info.plist */; };
		D0ECA6C51E39B348001AB162 /* GoogleService-Info.plist in Resources */ = {isa = PBXBuildFile; fileRef = D0ECA6C21E39B33C001AB162 /* GoogleService-Info.plist */; };
		D0ECA6CC1E39BECC001AB162 /* LaunchScreen.storyboard in Resources */ = {isa = PBXBuildFile; fileRef = D0ECA6CA1E39BECC001AB162 /* LaunchScreen.storyboard */; };
		FD514F141FD329BFA03D7C3B /* Pods_HireMeUITests.framework in Frameworks */ = {isa = PBXBuildFile; fileRef = D8E20B60B21F41C9751635DA /* Pods_HireMeUITests.framework */; };
/* End PBXBuildFile section */

/* Begin PBXContainerItemProxy section */
		21B38F0D1DCC21A4000A5CB1 /* PBXContainerItemProxy */ = {
			isa = PBXContainerItemProxy;
			containerPortal = 21B38EF01DCC21A4000A5CB1 /* Project object */;
			proxyType = 1;
			remoteGlobalIDString = 21B38EF71DCC21A4000A5CB1;
			remoteInfo = HireMe;
		};
		21B38F181DCC21A4000A5CB1 /* PBXContainerItemProxy */ = {
			isa = PBXContainerItemProxy;
			containerPortal = 21B38EF01DCC21A4000A5CB1 /* Project object */;
			proxyType = 1;
			remoteGlobalIDString = 21B38EF71DCC21A4000A5CB1;
			remoteInfo = HireMe;
		};
/* End PBXContainerItemProxy section */

/* Begin PBXFileReference section */
		1A1925A3082FD6438C80712C /* Pods-HireMe.release.xcconfig */ = {isa = PBXFileReference; includeInIndex = 1; lastKnownFileType = text.xcconfig; name = "Pods-HireMe.release.xcconfig"; path = "Pods/Target Support Files/Pods-HireMe/Pods-HireMe.release.xcconfig"; sourceTree = "<group>"; };
		210EC6341E4ED0E000643FD3 /* LocationHelper.swift */ = {isa = PBXFileReference; fileEncoding = 4; lastKnownFileType = sourcecode.swift; path = LocationHelper.swift; sourceTree = "<group>"; };
		21103D9A1E4A99370097F595 /* Constants.swift */ = {isa = PBXFileReference; fileEncoding = 4; lastKnownFileType = sourcecode.swift; path = Constants.swift; sourceTree = "<group>"; };
		21103D9D1E4AB7900097F595 /* JobImageCell.swift */ = {isa = PBXFileReference; fileEncoding = 4; lastKnownFileType = sourcecode.swift; path = JobImageCell.swift; sourceTree = "<group>"; };
		21B38EF81DCC21A4000A5CB1 /* HireMe.app */ = {isa = PBXFileReference; explicitFileType = wrapper.application; includeInIndex = 0; path = HireMe.app; sourceTree = BUILT_PRODUCTS_DIR; };
		21B38EFB1DCC21A4000A5CB1 /* AppDelegate.swift */ = {isa = PBXFileReference; lastKnownFileType = sourcecode.swift; path = AppDelegate.swift; sourceTree = "<group>"; };
		21B38F021DCC21A4000A5CB1 /* Assets.xcassets */ = {isa = PBXFileReference; lastKnownFileType = folder.assetcatalog; path = Assets.xcassets; sourceTree = "<group>"; };
		21B38F071DCC21A4000A5CB1 /* Info.plist */ = {isa = PBXFileReference; lastKnownFileType = text.plist.xml; path = Info.plist; sourceTree = "<group>"; };
		21B38F0C1DCC21A4000A5CB1 /* HireMeTests.xctest */ = {isa = PBXFileReference; explicitFileType = wrapper.cfbundle; includeInIndex = 0; path = HireMeTests.xctest; sourceTree = BUILT_PRODUCTS_DIR; };
		21B38F101DCC21A4000A5CB1 /* HireMeTests.swift */ = {isa = PBXFileReference; lastKnownFileType = sourcecode.swift; path = HireMeTests.swift; sourceTree = "<group>"; };
		21B38F121DCC21A4000A5CB1 /* Info.plist */ = {isa = PBXFileReference; lastKnownFileType = text.plist.xml; path = Info.plist; sourceTree = "<group>"; };
		21B38F171DCC21A4000A5CB1 /* HireMeUITests.xctest */ = {isa = PBXFileReference; explicitFileType = wrapper.cfbundle; includeInIndex = 0; path = HireMeUITests.xctest; sourceTree = BUILT_PRODUCTS_DIR; };
		21B38F1B1DCC21A4000A5CB1 /* HireMeUITests.swift */ = {isa = PBXFileReference; lastKnownFileType = sourcecode.swift; path = HireMeUITests.swift; sourceTree = "<group>"; };
		21B38F1D1DCC21A4000A5CB1 /* Info.plist */ = {isa = PBXFileReference; lastKnownFileType = text.plist.xml; path = Info.plist; sourceTree = "<group>"; };
		21C3C3321E5E940400836477 /* SelectedBid.swift */ = {isa = PBXFileReference; fileEncoding = 4; lastKnownFileType = sourcecode.swift; path = SelectedBid.swift; sourceTree = "<group>"; };
		21C3C3341E5E957D00836477 /* SelectedBidController.swift */ = {isa = PBXFileReference; fileEncoding = 4; lastKnownFileType = sourcecode.swift; path = SelectedBidController.swift; sourceTree = "<group>"; };
		2788E1A6E281FCD49C176023 /* Pods-HireMeUITests.debug.xcconfig */ = {isa = PBXFileReference; includeInIndex = 1; lastKnownFileType = text.xcconfig; name = "Pods-HireMeUITests.debug.xcconfig"; path = "Pods/Target Support Files/Pods-HireMeUITests/Pods-HireMeUITests.debug.xcconfig"; sourceTree = "<group>"; };
		34983C9B63B372B09F18A223 /* Pods-HireMeTests.release.xcconfig */ = {isa = PBXFileReference; includeInIndex = 1; lastKnownFileType = text.xcconfig; name = "Pods-HireMeTests.release.xcconfig"; path = "Pods/Target Support Files/Pods-HireMeTests/Pods-HireMeTests.release.xcconfig"; sourceTree = "<group>"; };
		60B3B5B55512633A4F50B917 /* Pods_HireMeTests.framework */ = {isa = PBXFileReference; explicitFileType = wrapper.framework; includeInIndex = 0; path = Pods_HireMeTests.framework; sourceTree = BUILT_PRODUCTS_DIR; };
		63CB25752D5FCD6D1980B106 /* Pods-HireMeTests.debug.xcconfig */ = {isa = PBXFileReference; includeInIndex = 1; lastKnownFileType = text.xcconfig; name = "Pods-HireMeTests.debug.xcconfig"; path = "Pods/Target Support Files/Pods-HireMeTests/Pods-HireMeTests.debug.xcconfig"; sourceTree = "<group>"; };
		C50318D16C0CDDAFFD138EDC /* Pods-HireMeUITests.release.xcconfig */ = {isa = PBXFileReference; includeInIndex = 1; lastKnownFileType = text.xcconfig; name = "Pods-HireMeUITests.release.xcconfig"; path = "Pods/Target Support Files/Pods-HireMeUITests/Pods-HireMeUITests.release.xcconfig"; sourceTree = "<group>"; };
		C63FA781523A1671C7EC4C65 /* Pods_HireMe.framework */ = {isa = PBXFileReference; explicitFileType = wrapper.framework; includeInIndex = 0; path = Pods_HireMe.framework; sourceTree = BUILT_PRODUCTS_DIR; };
		D001AB2A1E4ED920008D3251 /* SignInViewController.swift */ = {isa = PBXFileReference; fileEncoding = 4; lastKnownFileType = sourcecode.swift; path = SignInViewController.swift; sourceTree = "<group>"; };
		D027A0E81E58D72B00B5576E /* SettingsTableViewController.swift */ = {isa = PBXFileReference; fileEncoding = 4; lastKnownFileType = sourcecode.swift; path = SettingsTableViewController.swift; sourceTree = "<group>"; };
		D02E742D1E7E1FA80066DC99 /* SearchJobTableViewCell.swift */ = {isa = PBXFileReference; fileEncoding = 4; lastKnownFileType = sourcecode.swift; path = SearchJobTableViewCell.swift; sourceTree = "<group>"; };
		D02E742F1E7E220B0066DC99 /* JobAdvertiserTableViewCell.swift */ = {isa = PBXFileReference; fileEncoding = 4; lastKnownFileType = sourcecode.swift; path = JobAdvertiserTableViewCell.swift; sourceTree = "<group>"; };
		D02E74311E7E24160066DC99 /* ProviderJobDetailTableViewController.swift */ = {isa = PBXFileReference; fileEncoding = 4; lastKnownFileType = sourcecode.swift; path = ProviderJobDetailTableViewController.swift; sourceTree = "<group>"; };
		D02E74331E7E2BAF0066DC99 /* User.swift */ = {isa = PBXFileReference; fileEncoding = 4; lastKnownFileType = sourcecode.swift; path = User.swift; sourceTree = "<group>"; };
		D02E74351E7E36C00066DC99 /* RatingStarsHelper.swift */ = {isa = PBXFileReference; fileEncoding = 4; lastKnownFileType = sourcecode.swift; path = RatingStarsHelper.swift; sourceTree = "<group>"; };
		D02E74371E7E43480066DC99 /* ProviderJobInfoItemTableViewCell.swift */ = {isa = PBXFileReference; fileEncoding = 4; lastKnownFileType = sourcecode.swift; path = ProviderJobInfoItemTableViewCell.swift; sourceTree = "<group>"; };
		D03EEFA21E4C28BE006D18B1 /* AdSupport.framework */ = {isa = PBXFileReference; lastKnownFileType = wrapper.framework; name = AdSupport.framework; path = System/Library/Frameworks/AdSupport.framework; sourceTree = SDKROOT; };
		D0495ECA1E49804A0076A548 /* SignInHelper.swift */ = {isa = PBXFileReference; fileEncoding = 4; lastKnownFileType = sourcecode.swift; path = SignInHelper.swift; sourceTree = "<group>"; };
		D05A24A11E69481500DB6268 /* MenuStoryboard.storyboard */ = {isa = PBXFileReference; fileEncoding = 4; lastKnownFileType = file.storyboard; path = MenuStoryboard.storyboard; sourceTree = "<group>"; };
		D05A24A61E694E3500DB6268 /* ClosureBarButtonItem.swift */ = {isa = PBXFileReference; fileEncoding = 4; lastKnownFileType = sourcecode.swift; path = ClosureBarButtonItem.swift; sourceTree = "<group>"; };
		D05A24A71E694E3500DB6268 /* DarkHighlightButton.swift */ = {isa = PBXFileReference; fileEncoding = 4; lastKnownFileType = sourcecode.swift; path = DarkHighlightButton.swift; sourceTree = "<group>"; };
		D05A24A81E694E3500DB6268 /* NextPrevControlTextField.swift */ = {isa = PBXFileReference; fileEncoding = 4; lastKnownFileType = sourcecode.swift; path = NextPrevControlTextField.swift; sourceTree = "<group>"; };
		D0797C8A1E49701A00BA7B19 /* BidsTableViewController.swift */ = {isa = PBXFileReference; fileEncoding = 4; lastKnownFileType = sourcecode.swift; path = BidsTableViewController.swift; sourceTree = "<group>"; };
		D0797C8B1E49701A00BA7B19 /* CategoryTableViewController.swift */ = {isa = PBXFileReference; fileEncoding = 4; lastKnownFileType = sourcecode.swift; path = CategoryTableViewController.swift; sourceTree = "<group>"; };
		D0797C8E1E49701A00BA7B19 /* ProviderJobsTableViewController.swift */ = {isa = PBXFileReference; fileEncoding = 4; lastKnownFileType = sourcecode.swift; path = ProviderJobsTableViewController.swift; sourceTree = "<group>"; };
		D0797C911E49701A00BA7B19 /* NewBidViewController.swift */ = {isa = PBXFileReference; fileEncoding = 4; lastKnownFileType = sourcecode.swift; path = NewBidViewController.swift; sourceTree = "<group>"; };
		D0797C921E49701A00BA7B19 /* ProviderTabBarController.swift */ = {isa = PBXFileReference; fileEncoding = 4; lastKnownFileType = sourcecode.swift; path = ProviderTabBarController.swift; sourceTree = "<group>"; };
		D0797C931E49701A00BA7B19 /* SearchTableViewController.swift */ = {isa = PBXFileReference; fileEncoding = 4; lastKnownFileType = sourcecode.swift; path = SearchTableViewController.swift; sourceTree = "<group>"; };
		D0797C9F1E49767E00BA7B19 /* ProviderStoryboard.storyboard */ = {isa = PBXFileReference; fileEncoding = 4; lastKnownFileType = file.storyboard; path = ProviderStoryboard.storyboard; sourceTree = "<group>"; };
		D0797CA21E49778600BA7B19 /* AccountTableViewController.swift */ = {isa = PBXFileReference; fileEncoding = 4; lastKnownFileType = sourcecode.swift; path = AccountTableViewController.swift; sourceTree = "<group>"; };
		D0797CA31E49778600BA7B19 /* CreateAccountTableViewController.swift */ = {isa = PBXFileReference; fileEncoding = 4; lastKnownFileType = sourcecode.swift; path = CreateAccountTableViewController.swift; sourceTree = "<group>"; };
		D0797CA41E49778600BA7B19 /* LoginViewController.swift */ = {isa = PBXFileReference; fileEncoding = 4; lastKnownFileType = sourcecode.swift; path = LoginViewController.swift; sourceTree = "<group>"; };
		D0797CA51E49778600BA7B19 /* MenuTableViewController.swift */ = {isa = PBXFileReference; fileEncoding = 4; lastKnownFileType = sourcecode.swift; path = MenuTableViewController.swift; sourceTree = "<group>"; };
		D0797CA61E49778600BA7B19 /* ViewPhotosViewController.swift */ = {isa = PBXFileReference; fileEncoding = 4; lastKnownFileType = sourcecode.swift; path = ViewPhotosViewController.swift; sourceTree = "<group>"; };
		D0797CAC1E49787600BA7B19 /* ConsumerStoryboard.storyboard */ = {isa = PBXFileReference; fileEncoding = 4; lastKnownFileType = file.storyboard; path = ConsumerStoryboard.storyboard; sourceTree = "<group>"; };
		D0797CAD1E49787600BA7B19 /* ImageViewStoryboard.storyboard */ = {isa = PBXFileReference; fileEncoding = 4; lastKnownFileType = file.storyboard; path = ImageViewStoryboard.storyboard; sourceTree = "<group>"; };
		D0797CB11E49796000BA7B19 /* Bid.swift */ = {isa = PBXFileReference; fileEncoding = 4; lastKnownFileType = sourcecode.swift; path = Bid.swift; sourceTree = "<group>"; };
		D0797CB21E49796000BA7B19 /* BidController.swift */ = {isa = PBXFileReference; fileEncoding = 4; lastKnownFileType = sourcecode.swift; path = BidController.swift; sourceTree = "<group>"; };
		D0797CB31E49796000BA7B19 /* Bidder.swift */ = {isa = PBXFileReference; fileEncoding = 4; lastKnownFileType = sourcecode.swift; path = Bidder.swift; sourceTree = "<group>"; };
		D0797CB41E49796000BA7B19 /* BidderController.swift */ = {isa = PBXFileReference; fileEncoding = 4; lastKnownFileType = sourcecode.swift; path = BidderController.swift; sourceTree = "<group>"; };
		D0797CB51E49796000BA7B19 /* Job.swift */ = {isa = PBXFileReference; fileEncoding = 4; lastKnownFileType = sourcecode.swift; path = Job.swift; sourceTree = "<group>"; };
		D0797CB61E49796000BA7B19 /* JobController.swift */ = {isa = PBXFileReference; fileEncoding = 4; lastKnownFileType = sourcecode.swift; path = JobController.swift; sourceTree = "<group>"; };
		D0797CB71E49796000BA7B19 /* Skill.swift */ = {isa = PBXFileReference; fileEncoding = 4; lastKnownFileType = sourcecode.swift; path = Skill.swift; sourceTree = "<group>"; };
		D0797CB81E49796000BA7B19 /* SkillController.swift */ = {isa = PBXFileReference; fileEncoding = 4; lastKnownFileType = sourcecode.swift; path = SkillController.swift; sourceTree = "<group>"; };
		D0797CC21E4979FC00BA7B19 /* ConsumerJobsTableViewController.swift */ = {isa = PBXFileReference; fileEncoding = 4; lastKnownFileType = sourcecode.swift; path = ConsumerJobsTableViewController.swift; sourceTree = "<group>"; };
		D0797CC41E4979FC00BA7B19 /* BidderDescriptionCell.swift */ = {isa = PBXFileReference; fileEncoding = 4; lastKnownFileType = sourcecode.swift; path = BidderDescriptionCell.swift; sourceTree = "<group>"; };
		D0797CC51E4979FC00BA7B19 /* BidderImageCell.swift */ = {isa = PBXFileReference; fileEncoding = 4; lastKnownFileType = sourcecode.swift; path = BidderImageCell.swift; sourceTree = "<group>"; };
		D0797CC61E4979FC00BA7B19 /* BidderInfoCell.swift */ = {isa = PBXFileReference; fileEncoding = 4; lastKnownFileType = sourcecode.swift; path = BidderInfoCell.swift; sourceTree = "<group>"; };
		D0797CC71E4979FC00BA7B19 /* JobInfoCell.swift */ = {isa = PBXFileReference; fileEncoding = 4; lastKnownFileType = sourcecode.swift; path = JobInfoCell.swift; sourceTree = "<group>"; };
		D0797CC81E4979FC00BA7B19 /* NewJobTableViewController.swift */ = {isa = PBXFileReference; fileEncoding = 4; lastKnownFileType = sourcecode.swift; path = NewJobTableViewController.swift; sourceTree = "<group>"; };
		D0797CC91E4979FC00BA7B19 /* ViewBidderTableViewController.swift */ = {isa = PBXFileReference; fileEncoding = 4; lastKnownFileType = sourcecode.swift; path = ViewBidderTableViewController.swift; sourceTree = "<group>"; };
		D0797CCA1E4979FC00BA7B19 /* ViewJobTableViewController.swift */ = {isa = PBXFileReference; fileEncoding = 4; lastKnownFileType = sourcecode.swift; path = ViewJobTableViewController.swift; sourceTree = "<group>"; };
		D0797CD41E497B1A00BA7B19 /* AlertHelper.swift */ = {isa = PBXFileReference; fileEncoding = 4; lastKnownFileType = sourcecode.swift; path = AlertHelper.swift; sourceTree = "<group>"; };
		D0797CD51E497B1A00BA7B19 /* Extensions.swift */ = {isa = PBXFileReference; fileEncoding = 4; lastKnownFileType = sourcecode.swift; path = Extensions.swift; sourceTree = "<group>"; };
		D0ECA6C21E39B33C001AB162 /* GoogleService-Info.plist */ = {isa = PBXFileReference; fileEncoding = 4; lastKnownFileType = text.plist.xml; path = "GoogleService-Info.plist"; sourceTree = "<group>"; };
		D0ECA6CA1E39BECC001AB162 /* LaunchScreen.storyboard */ = {isa = PBXFileReference; fileEncoding = 4; lastKnownFileType = file.storyboard; path = LaunchScreen.storyboard; sourceTree = "<group>"; };
		D674E8CF36C0F147120D6D4A /* Pods-HireMe.debug.xcconfig */ = {isa = PBXFileReference; includeInIndex = 1; lastKnownFileType = text.xcconfig; name = "Pods-HireMe.debug.xcconfig"; path = "Pods/Target Support Files/Pods-HireMe/Pods-HireMe.debug.xcconfig"; sourceTree = "<group>"; };
		D8E20B60B21F41C9751635DA /* Pods_HireMeUITests.framework */ = {isa = PBXFileReference; explicitFileType = wrapper.framework; includeInIndex = 0; path = Pods_HireMeUITests.framework; sourceTree = BUILT_PRODUCTS_DIR; };
/* End PBXFileReference section */

/* Begin PBXFrameworksBuildPhase section */
		21B38EF51DCC21A4000A5CB1 /* Frameworks */ = {
			isa = PBXFrameworksBuildPhase;
			buildActionMask = 2147483647;
			files = (
				D03EEFA31E4C28BE006D18B1 /* AdSupport.framework in Frameworks */,
				6B9D6528207E89B71A2A96D2 /* Pods_HireMe.framework in Frameworks */,
			);
			runOnlyForDeploymentPostprocessing = 0;
		};
		21B38F091DCC21A4000A5CB1 /* Frameworks */ = {
			isa = PBXFrameworksBuildPhase;
			buildActionMask = 2147483647;
			files = (
				A20D39D3566CC81D2A69B0E6 /* Pods_HireMeTests.framework in Frameworks */,
			);
			runOnlyForDeploymentPostprocessing = 0;
		};
		21B38F141DCC21A4000A5CB1 /* Frameworks */ = {
			isa = PBXFrameworksBuildPhase;
			buildActionMask = 2147483647;
			files = (
				FD514F141FD329BFA03D7C3B /* Pods_HireMeUITests.framework in Frameworks */,
			);
			runOnlyForDeploymentPostprocessing = 0;
		};
/* End PBXFrameworksBuildPhase section */

/* Begin PBXGroup section */
		21103D9C1E4AA0FF0097F595 /* ModelController */ = {
			isa = PBXGroup;
			children = (
				D0797CB21E49796000BA7B19 /* BidController.swift */,
				D0797CB41E49796000BA7B19 /* BidderController.swift */,
				D0797CB61E49796000BA7B19 /* JobController.swift */,
				21C3C3341E5E957D00836477 /* SelectedBidController.swift */,
				D0797CB81E49796000BA7B19 /* SkillController.swift */,
			);
			path = ModelController;
			sourceTree = "<group>";
		};
		21B38EEF1DCC21A4000A5CB1 = {
			isa = PBXGroup;
			children = (
				D0ECA6C21E39B33C001AB162 /* GoogleService-Info.plist */,
				21B38EFA1DCC21A4000A5CB1 /* HireMe */,
				21B38F0F1DCC21A4000A5CB1 /* HireMeTests */,
				21B38F1A1DCC21A4000A5CB1 /* HireMeUITests */,
				21B38EF91DCC21A4000A5CB1 /* Products */,
				A371ECBBCA8243285EDB0673 /* Pods */,
				ECD4E4DC4467AA96951CC324 /* Frameworks */,
			);
			sourceTree = "<group>";
		};
		21B38EF91DCC21A4000A5CB1 /* Products */ = {
			isa = PBXGroup;
			children = (
				21B38EF81DCC21A4000A5CB1 /* HireMe.app */,
				21B38F0C1DCC21A4000A5CB1 /* HireMeTests.xctest */,
				21B38F171DCC21A4000A5CB1 /* HireMeUITests.xctest */,
			);
			name = Products;
			sourceTree = "<group>";
		};
		21B38EFA1DCC21A4000A5CB1 /* HireMe */ = {
			isa = PBXGroup;
			children = (
				21103D9C1E4AA0FF0097F595 /* ModelController */,
				D0797CB01E49796000BA7B19 /* Model */,
				D08FBD821E2F0D81002DF217 /* View */,
				D0797CC11E4979FC00BA7B19 /* ConsumerController */,
				D0797C881E49701A00BA7B19 /* ProviderController */,
				D0797CA11E49778600BA7B19 /* SharedController */,
				D0797CD31E497B1A00BA7B19 /* HelperFiles */,
				D05A24A51E694E3500DB6268 /* Subclasses */,
				21B38F021DCC21A4000A5CB1 /* Assets.xcassets */,
				21B38EFB1DCC21A4000A5CB1 /* AppDelegate.swift */,
				21B38F071DCC21A4000A5CB1 /* Info.plist */,
			);
			path = HireMe;
			sourceTree = "<group>";
		};
		21B38F0F1DCC21A4000A5CB1 /* HireMeTests */ = {
			isa = PBXGroup;
			children = (
				21B38F101DCC21A4000A5CB1 /* HireMeTests.swift */,
				21B38F121DCC21A4000A5CB1 /* Info.plist */,
			);
			path = HireMeTests;
			sourceTree = "<group>";
		};
		21B38F1A1DCC21A4000A5CB1 /* HireMeUITests */ = {
			isa = PBXGroup;
			children = (
				21B38F1B1DCC21A4000A5CB1 /* HireMeUITests.swift */,
				21B38F1D1DCC21A4000A5CB1 /* Info.plist */,
			);
			path = HireMeUITests;
			sourceTree = "<group>";
		};
		A371ECBBCA8243285EDB0673 /* Pods */ = {
			isa = PBXGroup;
			children = (
				D674E8CF36C0F147120D6D4A /* Pods-HireMe.debug.xcconfig */,
				1A1925A3082FD6438C80712C /* Pods-HireMe.release.xcconfig */,
				63CB25752D5FCD6D1980B106 /* Pods-HireMeTests.debug.xcconfig */,
				34983C9B63B372B09F18A223 /* Pods-HireMeTests.release.xcconfig */,
				2788E1A6E281FCD49C176023 /* Pods-HireMeUITests.debug.xcconfig */,
				C50318D16C0CDDAFFD138EDC /* Pods-HireMeUITests.release.xcconfig */,
			);
			name = Pods;
			sourceTree = "<group>";
		};
		D02E742C1E7E1FA80066DC99 /* CustomCells */ = {
			isa = PBXGroup;
			children = (
				D02E742D1E7E1FA80066DC99 /* SearchJobTableViewCell.swift */,
				D02E742F1E7E220B0066DC99 /* JobAdvertiserTableViewCell.swift */,
				D02E74371E7E43480066DC99 /* ProviderJobInfoItemTableViewCell.swift */,
			);
			path = CustomCells;
			sourceTree = "<group>";
		};
		D05A24A51E694E3500DB6268 /* Subclasses */ = {
			isa = PBXGroup;
			children = (
				D05A24A61E694E3500DB6268 /* ClosureBarButtonItem.swift */,
				D05A24A71E694E3500DB6268 /* DarkHighlightButton.swift */,
				D05A24A81E694E3500DB6268 /* NextPrevControlTextField.swift */,
			);
			path = Subclasses;
			sourceTree = "<group>";
		};
		D0797C881E49701A00BA7B19 /* ProviderController */ = {
			isa = PBXGroup;
			children = (
				D02E742C1E7E1FA80066DC99 /* CustomCells */,
				D0797C8A1E49701A00BA7B19 /* BidsTableViewController.swift */,
				D0797C8B1E49701A00BA7B19 /* CategoryTableViewController.swift */,
				D0797C911E49701A00BA7B19 /* NewBidViewController.swift */,
				D02E74311E7E24160066DC99 /* ProviderJobDetailTableViewController.swift */,
				D0797C8E1E49701A00BA7B19 /* ProviderJobsTableViewController.swift */,
				D0797C921E49701A00BA7B19 /* ProviderTabBarController.swift */,
				D0797C931E49701A00BA7B19 /* SearchTableViewController.swift */,
			);
			path = ProviderController;
			sourceTree = "<group>";
		};
		D0797CA11E49778600BA7B19 /* SharedController */ = {
			isa = PBXGroup;
			children = (
				D0797CA21E49778600BA7B19 /* AccountTableViewController.swift */,
				D0797CA31E49778600BA7B19 /* CreateAccountTableViewController.swift */,
				D0797CA41E49778600BA7B19 /* LoginViewController.swift */,
				D0797CA51E49778600BA7B19 /* MenuTableViewController.swift */,
				D027A0E81E58D72B00B5576E /* SettingsTableViewController.swift */,
				D001AB2A1E4ED920008D3251 /* SignInViewController.swift */,
				D0797CA61E49778600BA7B19 /* ViewPhotosViewController.swift */,
			);
			path = SharedController;
			sourceTree = "<group>";
		};
		D0797CB01E49796000BA7B19 /* Model */ = {
			isa = PBXGroup;
			children = (
				D0797CB11E49796000BA7B19 /* Bid.swift */,
				D0797CB31E49796000BA7B19 /* Bidder.swift */,
				D0797CB51E49796000BA7B19 /* Job.swift */,
				21C3C3321E5E940400836477 /* SelectedBid.swift */,
				D0797CB71E49796000BA7B19 /* Skill.swift */,
				D02E74331E7E2BAF0066DC99 /* User.swift */,
			);
			path = Model;
			sourceTree = "<group>";
		};
		D0797CC11E4979FC00BA7B19 /* ConsumerController */ = {
			isa = PBXGroup;
			children = (
				D0797CC31E4979FC00BA7B19 /* CustomCells */,
				D0797CC21E4979FC00BA7B19 /* ConsumerJobsTableViewController.swift */,
				D0797CC81E4979FC00BA7B19 /* NewJobTableViewController.swift */,
				D0797CC91E4979FC00BA7B19 /* ViewBidderTableViewController.swift */,
				D0797CCA1E4979FC00BA7B19 /* ViewJobTableViewController.swift */,
			);
			path = ConsumerController;
			sourceTree = "<group>";
		};
		D0797CC31E4979FC00BA7B19 /* CustomCells */ = {
			isa = PBXGroup;
			children = (
				D0797CC41E4979FC00BA7B19 /* BidderDescriptionCell.swift */,
				D0797CC51E4979FC00BA7B19 /* BidderImageCell.swift */,
				D0797CC61E4979FC00BA7B19 /* BidderInfoCell.swift */,
				21103D9D1E4AB7900097F595 /* JobImageCell.swift */,
				D0797CC71E4979FC00BA7B19 /* JobInfoCell.swift */,
			);
			path = CustomCells;
			sourceTree = "<group>";
		};
		D0797CD31E497B1A00BA7B19 /* HelperFiles */ = {
			isa = PBXGroup;
			children = (
				D0797CD41E497B1A00BA7B19 /* AlertHelper.swift */,
				210EC6341E4ED0E000643FD3 /* LocationHelper.swift */,
				D02E74351E7E36C00066DC99 /* RatingStarsHelper.swift */,
				D0495ECA1E49804A0076A548 /* SignInHelper.swift */,
				D0797CD51E497B1A00BA7B19 /* Extensions.swift */,
				21103D9A1E4A99370097F595 /* Constants.swift */,
			);
			path = HelperFiles;
			sourceTree = "<group>";
		};
		D08FBD821E2F0D81002DF217 /* View */ = {
			isa = PBXGroup;
			children = (
				D0ECA6CA1E39BECC001AB162 /* LaunchScreen.storyboard */,
				D0797CAC1E49787600BA7B19 /* ConsumerStoryboard.storyboard */,
				D0797C9F1E49767E00BA7B19 /* ProviderStoryboard.storyboard */,
				D05A24A11E69481500DB6268 /* MenuStoryboard.storyboard */,
				D0797CAD1E49787600BA7B19 /* ImageViewStoryboard.storyboard */,
			);
			path = View;
			sourceTree = "<group>";
		};
		ECD4E4DC4467AA96951CC324 /* Frameworks */ = {
			isa = PBXGroup;
			children = (
				D03EEFA21E4C28BE006D18B1 /* AdSupport.framework */,
				C63FA781523A1671C7EC4C65 /* Pods_HireMe.framework */,
				60B3B5B55512633A4F50B917 /* Pods_HireMeTests.framework */,
				D8E20B60B21F41C9751635DA /* Pods_HireMeUITests.framework */,
			);
			name = Frameworks;
			sourceTree = "<group>";
		};
/* End PBXGroup section */

/* Begin PBXNativeTarget section */
		21B38EF71DCC21A4000A5CB1 /* HireMe */ = {
			isa = PBXNativeTarget;
			buildConfigurationList = 21B38F201DCC21A4000A5CB1 /* Build configuration list for PBXNativeTarget "HireMe" */;
			buildPhases = (
				4F74D10874BAB4AD35293090 /* [CP] Check Pods Manifest.lock */,
				21B38EF41DCC21A4000A5CB1 /* Sources */,
				21B38EF51DCC21A4000A5CB1 /* Frameworks */,
				21B38EF61DCC21A4000A5CB1 /* Resources */,
				67CEAF97B45ED5C928A83A17 /* [CP] Embed Pods Frameworks */,
				9BA8AE6D55050BB20F21B0BC /* [CP] Copy Pods Resources */,
			);
			buildRules = (
			);
			dependencies = (
			);
			name = HireMe;
			productName = HireMe;
			productReference = 21B38EF81DCC21A4000A5CB1 /* HireMe.app */;
			productType = "com.apple.product-type.application";
		};
		21B38F0B1DCC21A4000A5CB1 /* HireMeTests */ = {
			isa = PBXNativeTarget;
			buildConfigurationList = 21B38F231DCC21A4000A5CB1 /* Build configuration list for PBXNativeTarget "HireMeTests" */;
			buildPhases = (
				2008A34E9608394A90FCD3A1 /* [CP] Check Pods Manifest.lock */,
				21B38F081DCC21A4000A5CB1 /* Sources */,
				21B38F091DCC21A4000A5CB1 /* Frameworks */,
				21B38F0A1DCC21A4000A5CB1 /* Resources */,
				8C38B16C970AA9AEA5C0B1AB /* [CP] Embed Pods Frameworks */,
				307B23802B50A89E9D1C3B05 /* [CP] Copy Pods Resources */,
			);
			buildRules = (
			);
			dependencies = (
				21B38F0E1DCC21A4000A5CB1 /* PBXTargetDependency */,
			);
			name = HireMeTests;
			productName = HireMeTests;
			productReference = 21B38F0C1DCC21A4000A5CB1 /* HireMeTests.xctest */;
			productType = "com.apple.product-type.bundle.unit-test";
		};
		21B38F161DCC21A4000A5CB1 /* HireMeUITests */ = {
			isa = PBXNativeTarget;
			buildConfigurationList = 21B38F261DCC21A4000A5CB1 /* Build configuration list for PBXNativeTarget "HireMeUITests" */;
			buildPhases = (
				6E000843FF4994F5CD60DA72 /* [CP] Check Pods Manifest.lock */,
				21B38F131DCC21A4000A5CB1 /* Sources */,
				21B38F141DCC21A4000A5CB1 /* Frameworks */,
				21B38F151DCC21A4000A5CB1 /* Resources */,
				1FB9E6021559F0C84AC36867 /* [CP] Embed Pods Frameworks */,
				B7CEFDD5EBFFF03E63A166F5 /* [CP] Copy Pods Resources */,
			);
			buildRules = (
			);
			dependencies = (
				21B38F191DCC21A4000A5CB1 /* PBXTargetDependency */,
			);
			name = HireMeUITests;
			productName = HireMeUITests;
			productReference = 21B38F171DCC21A4000A5CB1 /* HireMeUITests.xctest */;
			productType = "com.apple.product-type.bundle.ui-testing";
		};
/* End PBXNativeTarget section */

/* Begin PBXProject section */
		21B38EF01DCC21A4000A5CB1 /* Project object */ = {
			isa = PBXProject;
			attributes = {
				LastSwiftUpdateCheck = 0810;
				LastUpgradeCheck = 0820;
				ORGANIZATIONNAME = "AJ Bronson";
				TargetAttributes = {
					21B38EF71DCC21A4000A5CB1 = {
						CreatedOnToolsVersion = 8.1;
						DevelopmentTeam = E5QLQ9VDQN;
						ProvisioningStyle = Automatic;
					};
					21B38F0B1DCC21A4000A5CB1 = {
						CreatedOnToolsVersion = 8.1;
						DevelopmentTeam = E5QLQ9VDQN;
						ProvisioningStyle = Automatic;
						TestTargetID = 21B38EF71DCC21A4000A5CB1;
					};
					21B38F161DCC21A4000A5CB1 = {
						CreatedOnToolsVersion = 8.1;
						DevelopmentTeam = E5QLQ9VDQN;
						ProvisioningStyle = Automatic;
						TestTargetID = 21B38EF71DCC21A4000A5CB1;
					};
				};
			};
			buildConfigurationList = 21B38EF31DCC21A4000A5CB1 /* Build configuration list for PBXProject "HireMe" */;
			compatibilityVersion = "Xcode 3.2";
			developmentRegion = English;
			hasScannedForEncodings = 0;
			knownRegions = (
				en,
				Base,
			);
			mainGroup = 21B38EEF1DCC21A4000A5CB1;
			productRefGroup = 21B38EF91DCC21A4000A5CB1 /* Products */;
			projectDirPath = "";
			projectRoot = "";
			targets = (
				21B38EF71DCC21A4000A5CB1 /* HireMe */,
				21B38F0B1DCC21A4000A5CB1 /* HireMeTests */,
				21B38F161DCC21A4000A5CB1 /* HireMeUITests */,
			);
		};
/* End PBXProject section */

/* Begin PBXResourcesBuildPhase section */
		21B38EF61DCC21A4000A5CB1 /* Resources */ = {
			isa = PBXResourcesBuildPhase;
			buildActionMask = 2147483647;
			files = (
				D0797CAE1E49787600BA7B19 /* ConsumerStoryboard.storyboard in Resources */,
				D0ECA6CC1E39BECC001AB162 /* LaunchScreen.storyboard in Resources */,
				D0ECA6C31E39B33C001AB162 /* GoogleService-Info.plist in Resources */,
				D0797CA01E49767E00BA7B19 /* ProviderStoryboard.storyboard in Resources */,
				D0797CAF1E49787600BA7B19 /* ImageViewStoryboard.storyboard in Resources */,
				21B38F031DCC21A4000A5CB1 /* Assets.xcassets in Resources */,
				D05A24A21E69481500DB6268 /* MenuStoryboard.storyboard in Resources */,
			);
			runOnlyForDeploymentPostprocessing = 0;
		};
		21B38F0A1DCC21A4000A5CB1 /* Resources */ = {
			isa = PBXResourcesBuildPhase;
			buildActionMask = 2147483647;
			files = (
				D0ECA6C41E39B347001AB162 /* GoogleService-Info.plist in Resources */,
			);
			runOnlyForDeploymentPostprocessing = 0;
		};
		21B38F151DCC21A4000A5CB1 /* Resources */ = {
			isa = PBXResourcesBuildPhase;
			buildActionMask = 2147483647;
			files = (
				D0ECA6C51E39B348001AB162 /* GoogleService-Info.plist in Resources */,
			);
			runOnlyForDeploymentPostprocessing = 0;
		};
/* End PBXResourcesBuildPhase section */

/* Begin PBXShellScriptBuildPhase section */
		1FB9E6021559F0C84AC36867 /* [CP] Embed Pods Frameworks */ = {
			isa = PBXShellScriptBuildPhase;
			buildActionMask = 2147483647;
			files = (
			);
			inputPaths = (
			);
			name = "[CP] Embed Pods Frameworks";
			outputPaths = (
			);
			runOnlyForDeploymentPostprocessing = 0;
			shellPath = /bin/sh;
			shellScript = "\"${SRCROOT}/Pods/Target Support Files/Pods-HireMeUITests/Pods-HireMeUITests-frameworks.sh\"\n";
			showEnvVarsInLog = 0;
		};
		2008A34E9608394A90FCD3A1 /* [CP] Check Pods Manifest.lock */ = {
			isa = PBXShellScriptBuildPhase;
			buildActionMask = 2147483647;
			files = (
			);
			inputPaths = (
			);
			name = "[CP] Check Pods Manifest.lock";
			outputPaths = (
			);
			runOnlyForDeploymentPostprocessing = 0;
			shellPath = /bin/sh;
			shellScript = "diff \"${PODS_ROOT}/../Podfile.lock\" \"${PODS_ROOT}/Manifest.lock\" > /dev/null\nif [ $? != 0 ] ; then\n    # print error to STDERR\n    echo \"error: The sandbox is not in sync with the Podfile.lock. Run 'pod install' or update your CocoaPods installation.\" >&2\n    exit 1\nfi\n";
			showEnvVarsInLog = 0;
		};
		307B23802B50A89E9D1C3B05 /* [CP] Copy Pods Resources */ = {
			isa = PBXShellScriptBuildPhase;
			buildActionMask = 2147483647;
			files = (
			);
			inputPaths = (
			);
			name = "[CP] Copy Pods Resources";
			outputPaths = (
			);
			runOnlyForDeploymentPostprocessing = 0;
			shellPath = /bin/sh;
			shellScript = "\"${SRCROOT}/Pods/Target Support Files/Pods-HireMeTests/Pods-HireMeTests-resources.sh\"\n";
			showEnvVarsInLog = 0;
		};
		4F74D10874BAB4AD35293090 /* [CP] Check Pods Manifest.lock */ = {
			isa = PBXShellScriptBuildPhase;
			buildActionMask = 2147483647;
			files = (
			);
			inputPaths = (
			);
			name = "[CP] Check Pods Manifest.lock";
			outputPaths = (
			);
			runOnlyForDeploymentPostprocessing = 0;
			shellPath = /bin/sh;
			shellScript = "diff \"${PODS_ROOT}/../Podfile.lock\" \"${PODS_ROOT}/Manifest.lock\" > /dev/null\nif [ $? != 0 ] ; then\n    # print error to STDERR\n    echo \"error: The sandbox is not in sync with the Podfile.lock. Run 'pod install' or update your CocoaPods installation.\" >&2\n    exit 1\nfi\n";
			showEnvVarsInLog = 0;
		};
		67CEAF97B45ED5C928A83A17 /* [CP] Embed Pods Frameworks */ = {
			isa = PBXShellScriptBuildPhase;
			buildActionMask = 2147483647;
			files = (
			);
			inputPaths = (
			);
			name = "[CP] Embed Pods Frameworks";
			outputPaths = (
			);
			runOnlyForDeploymentPostprocessing = 0;
			shellPath = /bin/sh;
			shellScript = "\"${SRCROOT}/Pods/Target Support Files/Pods-HireMe/Pods-HireMe-frameworks.sh\"\n";
			showEnvVarsInLog = 0;
		};
		6E000843FF4994F5CD60DA72 /* [CP] Check Pods Manifest.lock */ = {
			isa = PBXShellScriptBuildPhase;
			buildActionMask = 2147483647;
			files = (
			);
			inputPaths = (
			);
			name = "[CP] Check Pods Manifest.lock";
			outputPaths = (
			);
			runOnlyForDeploymentPostprocessing = 0;
			shellPath = /bin/sh;
			shellScript = "diff \"${PODS_ROOT}/../Podfile.lock\" \"${PODS_ROOT}/Manifest.lock\" > /dev/null\nif [ $? != 0 ] ; then\n    # print error to STDERR\n    echo \"error: The sandbox is not in sync with the Podfile.lock. Run 'pod install' or update your CocoaPods installation.\" >&2\n    exit 1\nfi\n";
			showEnvVarsInLog = 0;
		};
		8C38B16C970AA9AEA5C0B1AB /* [CP] Embed Pods Frameworks */ = {
			isa = PBXShellScriptBuildPhase;
			buildActionMask = 2147483647;
			files = (
			);
			inputPaths = (
			);
			name = "[CP] Embed Pods Frameworks";
			outputPaths = (
			);
			runOnlyForDeploymentPostprocessing = 0;
			shellPath = /bin/sh;
			shellScript = "\"${SRCROOT}/Pods/Target Support Files/Pods-HireMeTests/Pods-HireMeTests-frameworks.sh\"\n";
			showEnvVarsInLog = 0;
		};
		9BA8AE6D55050BB20F21B0BC /* [CP] Copy Pods Resources */ = {
			isa = PBXShellScriptBuildPhase;
			buildActionMask = 2147483647;
			files = (
			);
			inputPaths = (
			);
			name = "[CP] Copy Pods Resources";
			outputPaths = (
			);
			runOnlyForDeploymentPostprocessing = 0;
			shellPath = /bin/sh;
			shellScript = "\"${SRCROOT}/Pods/Target Support Files/Pods-HireMe/Pods-HireMe-resources.sh\"\n";
			showEnvVarsInLog = 0;
		};
		B7CEFDD5EBFFF03E63A166F5 /* [CP] Copy Pods Resources */ = {
			isa = PBXShellScriptBuildPhase;
			buildActionMask = 2147483647;
			files = (
			);
			inputPaths = (
			);
			name = "[CP] Copy Pods Resources";
			outputPaths = (
			);
			runOnlyForDeploymentPostprocessing = 0;
			shellPath = /bin/sh;
			shellScript = "\"${SRCROOT}/Pods/Target Support Files/Pods-HireMeUITests/Pods-HireMeUITests-resources.sh\"\n";
			showEnvVarsInLog = 0;
		};
/* End PBXShellScriptBuildPhase section */

/* Begin PBXSourcesBuildPhase section */
		21B38EF41DCC21A4000A5CB1 /* Sources */ = {
			isa = PBXSourcesBuildPhase;
			buildActionMask = 2147483647;
			files = (
				D0797CA81E49778600BA7B19 /* CreateAccountTableViewController.swift in Sources */,
				D0797CD21E4979FC00BA7B19 /* ViewJobTableViewController.swift in Sources */,
				D0797CBB1E49796000BA7B19 /* Bidder.swift in Sources */,
				D0797C9C1E49701A00BA7B19 /* NewBidViewController.swift in Sources */,
				D0797CBF1E49796000BA7B19 /* Skill.swift in Sources */,
				D0797C951E49701A00BA7B19 /* BidsTableViewController.swift in Sources */,
				21C3C3351E5E957D00836477 /* SelectedBidController.swift in Sources */,
				D027A0E91E58D72B00B5576E /* SettingsTableViewController.swift in Sources */,
				D0797CCF1E4979FC00BA7B19 /* JobInfoCell.swift in Sources */,
				D0797CC01E49796000BA7B19 /* SkillController.swift in Sources */,
				D0797CAA1E49778600BA7B19 /* MenuTableViewController.swift in Sources */,
				D0797CCB1E4979FC00BA7B19 /* ConsumerJobsTableViewController.swift in Sources */,
				D0797CB91E49796000BA7B19 /* Bid.swift in Sources */,
				D0797CBA1E49796000BA7B19 /* BidController.swift in Sources */,
				D02E74361E7E36C00066DC99 /* RatingStarsHelper.swift in Sources */,
				D0797C9E1E49701A00BA7B19 /* SearchTableViewController.swift in Sources */,
				D0797CAB1E49778600BA7B19 /* ViewPhotosViewController.swift in Sources */,
				D0797CCD1E4979FC00BA7B19 /* BidderImageCell.swift in Sources */,
				21103D9E1E4AB7900097F595 /* JobImageCell.swift in Sources */,
				D0797CA91E49778600BA7B19 /* LoginViewController.swift in Sources */,
				D02E74301E7E220B0066DC99 /* JobAdvertiserTableViewCell.swift in Sources */,
				D0797CD01E4979FC00BA7B19 /* NewJobTableViewController.swift in Sources */,
				D05A24AB1E694E3500DB6268 /* NextPrevControlTextField.swift in Sources */,
				D0797CD81E497B1A00BA7B19 /* AlertHelper.swift in Sources */,
				D02E74341E7E2BAF0066DC99 /* User.swift in Sources */,
				210EC6351E4ED0E000643FD3 /* LocationHelper.swift in Sources */,
				D0797CD91E497B1A00BA7B19 /* Extensions.swift in Sources */,
				D0797C991E49701A00BA7B19 /* ProviderJobsTableViewController.swift in Sources */,
				D0797CBD1E49796000BA7B19 /* Job.swift in Sources */,
				D05A24A91E694E3500DB6268 /* ClosureBarButtonItem.swift in Sources */,
				D0495ECB1E49804A0076A548 /* SignInHelper.swift in Sources */,
				D0797CBC1E49796000BA7B19 /* BidderController.swift in Sources */,
				21103D9B1E4A99370097F595 /* Constants.swift in Sources */,
				D0797C9D1E49701A00BA7B19 /* ProviderTabBarController.swift in Sources */,
				D0797CA71E49778600BA7B19 /* AccountTableViewController.swift in Sources */,
				D02E74381E7E43480066DC99 /* ProviderJobInfoItemTableViewCell.swift in Sources */,
				D0797CCE1E4979FC00BA7B19 /* BidderInfoCell.swift in Sources */,
				D0797CBE1E49796000BA7B19 /* JobController.swift in Sources */,
				D001AB2B1E4ED920008D3251 /* SignInViewController.swift in Sources */,
				D02E742E1E7E1FA80066DC99 /* SearchJobTableViewCell.swift in Sources */,
				D05A24AA1E694E3500DB6268 /* DarkHighlightButton.swift in Sources */,
				D0797CD11E4979FC00BA7B19 /* ViewBidderTableViewController.swift in Sources */,
				D0797C961E49701A00BA7B19 /* CategoryTableViewController.swift in Sources */,
				21C3C3331E5E940400836477 /* SelectedBid.swift in Sources */,
				D02E74321E7E24160066DC99 /* ProviderJobDetailTableViewController.swift in Sources */,
				21B38EFC1DCC21A4000A5CB1 /* AppDelegate.swift in Sources */,
				D0797CCC1E4979FC00BA7B19 /* BidderDescriptionCell.swift in Sources */,
			);
			runOnlyForDeploymentPostprocessing = 0;
		};
		21B38F081DCC21A4000A5CB1 /* Sources */ = {
			isa = PBXSourcesBuildPhase;
			buildActionMask = 2147483647;
			files = (
				21B38F111DCC21A4000A5CB1 /* HireMeTests.swift in Sources */,
			);
			runOnlyForDeploymentPostprocessing = 0;
		};
		21B38F131DCC21A4000A5CB1 /* Sources */ = {
			isa = PBXSourcesBuildPhase;
			buildActionMask = 2147483647;
			files = (
				21B38F1C1DCC21A4000A5CB1 /* HireMeUITests.swift in Sources */,
			);
			runOnlyForDeploymentPostprocessing = 0;
		};
/* End PBXSourcesBuildPhase section */

/* Begin PBXTargetDependency section */
		21B38F0E1DCC21A4000A5CB1 /* PBXTargetDependency */ = {
			isa = PBXTargetDependency;
			target = 21B38EF71DCC21A4000A5CB1 /* HireMe */;
			targetProxy = 21B38F0D1DCC21A4000A5CB1 /* PBXContainerItemProxy */;
		};
		21B38F191DCC21A4000A5CB1 /* PBXTargetDependency */ = {
			isa = PBXTargetDependency;
			target = 21B38EF71DCC21A4000A5CB1 /* HireMe */;
			targetProxy = 21B38F181DCC21A4000A5CB1 /* PBXContainerItemProxy */;
		};
/* End PBXTargetDependency section */

/* Begin XCBuildConfiguration section */
		21B38F1E1DCC21A4000A5CB1 /* Debug */ = {
			isa = XCBuildConfiguration;
			buildSettings = {
				ALWAYS_SEARCH_USER_PATHS = NO;
				CLANG_ANALYZER_NONNULL = YES;
				CLANG_CXX_LANGUAGE_STANDARD = "gnu++0x";
				CLANG_CXX_LIBRARY = "libc++";
				CLANG_ENABLE_MODULES = YES;
				CLANG_ENABLE_OBJC_ARC = YES;
				CLANG_WARN_BOOL_CONVERSION = YES;
				CLANG_WARN_CONSTANT_CONVERSION = YES;
				CLANG_WARN_DIRECT_OBJC_ISA_USAGE = YES_ERROR;
				CLANG_WARN_DOCUMENTATION_COMMENTS = YES;
				CLANG_WARN_EMPTY_BODY = YES;
				CLANG_WARN_ENUM_CONVERSION = YES;
				CLANG_WARN_INFINITE_RECURSION = YES;
				CLANG_WARN_INT_CONVERSION = YES;
				CLANG_WARN_OBJC_ROOT_CLASS = YES_ERROR;
				CLANG_WARN_SUSPICIOUS_MOVE = YES;
				CLANG_WARN_SUSPICIOUS_MOVES = YES;
				CLANG_WARN_UNREACHABLE_CODE = YES;
				CLANG_WARN__DUPLICATE_METHOD_MATCH = YES;
				"CODE_SIGN_IDENTITY[sdk=iphoneos*]" = "iPhone Developer";
				COPY_PHASE_STRIP = NO;
				DEBUG_INFORMATION_FORMAT = dwarf;
				ENABLE_STRICT_OBJC_MSGSEND = YES;
				ENABLE_TESTABILITY = YES;
				GCC_C_LANGUAGE_STANDARD = gnu99;
				GCC_DYNAMIC_NO_PIC = NO;
				GCC_NO_COMMON_BLOCKS = YES;
				GCC_OPTIMIZATION_LEVEL = 0;
				GCC_PREPROCESSOR_DEFINITIONS = (
					"DEBUG=1",
					"$(inherited)",
				);
				GCC_WARN_64_TO_32_BIT_CONVERSION = YES;
				GCC_WARN_ABOUT_RETURN_TYPE = YES_ERROR;
				GCC_WARN_UNDECLARED_SELECTOR = YES;
				GCC_WARN_UNINITIALIZED_AUTOS = YES_AGGRESSIVE;
				GCC_WARN_UNUSED_FUNCTION = YES;
				GCC_WARN_UNUSED_VARIABLE = YES;
				IPHONEOS_DEPLOYMENT_TARGET = 10.1;
				MTL_ENABLE_DEBUG_INFO = YES;
				ONLY_ACTIVE_ARCH = YES;
				SDKROOT = iphoneos;
				SWIFT_ACTIVE_COMPILATION_CONDITIONS = DEBUG;
				SWIFT_OPTIMIZATION_LEVEL = "-Onone";
				TARGETED_DEVICE_FAMILY = "1,2";
			};
			name = Debug;
		};
		21B38F1F1DCC21A4000A5CB1 /* Release */ = {
			isa = XCBuildConfiguration;
			buildSettings = {
				ALWAYS_SEARCH_USER_PATHS = NO;
				CLANG_ANALYZER_NONNULL = YES;
				CLANG_CXX_LANGUAGE_STANDARD = "gnu++0x";
				CLANG_CXX_LIBRARY = "libc++";
				CLANG_ENABLE_MODULES = YES;
				CLANG_ENABLE_OBJC_ARC = YES;
				CLANG_WARN_BOOL_CONVERSION = YES;
				CLANG_WARN_CONSTANT_CONVERSION = YES;
				CLANG_WARN_DIRECT_OBJC_ISA_USAGE = YES_ERROR;
				CLANG_WARN_DOCUMENTATION_COMMENTS = YES;
				CLANG_WARN_EMPTY_BODY = YES;
				CLANG_WARN_ENUM_CONVERSION = YES;
				CLANG_WARN_INFINITE_RECURSION = YES;
				CLANG_WARN_INT_CONVERSION = YES;
				CLANG_WARN_OBJC_ROOT_CLASS = YES_ERROR;
				CLANG_WARN_SUSPICIOUS_MOVE = YES;
				CLANG_WARN_SUSPICIOUS_MOVES = YES;
				CLANG_WARN_UNREACHABLE_CODE = YES;
				CLANG_WARN__DUPLICATE_METHOD_MATCH = YES;
				"CODE_SIGN_IDENTITY[sdk=iphoneos*]" = "iPhone Developer";
				COPY_PHASE_STRIP = NO;
				DEBUG_INFORMATION_FORMAT = "dwarf-with-dsym";
				ENABLE_NS_ASSERTIONS = NO;
				ENABLE_STRICT_OBJC_MSGSEND = YES;
				GCC_C_LANGUAGE_STANDARD = gnu99;
				GCC_NO_COMMON_BLOCKS = YES;
				GCC_WARN_64_TO_32_BIT_CONVERSION = YES;
				GCC_WARN_ABOUT_RETURN_TYPE = YES_ERROR;
				GCC_WARN_UNDECLARED_SELECTOR = YES;
				GCC_WARN_UNINITIALIZED_AUTOS = YES_AGGRESSIVE;
				GCC_WARN_UNUSED_FUNCTION = YES;
				GCC_WARN_UNUSED_VARIABLE = YES;
				IPHONEOS_DEPLOYMENT_TARGET = 10.1;
				MTL_ENABLE_DEBUG_INFO = NO;
				SDKROOT = iphoneos;
				SWIFT_OPTIMIZATION_LEVEL = "-Owholemodule";
				TARGETED_DEVICE_FAMILY = "1,2";
				VALIDATE_PRODUCT = YES;
			};
			name = Release;
		};
		21B38F211DCC21A4000A5CB1 /* Debug */ = {
			isa = XCBuildConfiguration;
			baseConfigurationReference = D674E8CF36C0F147120D6D4A /* Pods-HireMe.debug.xcconfig */;
			buildSettings = {
				ALWAYS_EMBED_SWIFT_STANDARD_LIBRARIES = YES;
				ASSETCATALOG_COMPILER_APPICON_NAME = AppIcon;
				DEVELOPMENT_TEAM = E5QLQ9VDQN;
				INFOPLIST_FILE = HireMe/Info.plist;
				LD_RUNPATH_SEARCH_PATHS = "$(inherited) @executable_path/Frameworks";
				PRODUCT_BUNDLE_IDENTIFIER = com.precisioncodes.HireMe;
				PRODUCT_NAME = "$(TARGET_NAME)";
				SWIFT_VERSION = 3.0;
			};
			name = Debug;
		};
		21B38F221DCC21A4000A5CB1 /* Release */ = {
			isa = XCBuildConfiguration;
			baseConfigurationReference = 1A1925A3082FD6438C80712C /* Pods-HireMe.release.xcconfig */;
			buildSettings = {
				ALWAYS_EMBED_SWIFT_STANDARD_LIBRARIES = YES;
				ASSETCATALOG_COMPILER_APPICON_NAME = AppIcon;
				DEVELOPMENT_TEAM = E5QLQ9VDQN;
				INFOPLIST_FILE = HireMe/Info.plist;
				LD_RUNPATH_SEARCH_PATHS = "$(inherited) @executable_path/Frameworks";
				PRODUCT_BUNDLE_IDENTIFIER = com.precisioncodes.HireMe;
				PRODUCT_NAME = "$(TARGET_NAME)";
				SWIFT_VERSION = 3.0;
			};
			name = Release;
		};
		21B38F241DCC21A4000A5CB1 /* Debug */ = {
			isa = XCBuildConfiguration;
			baseConfigurationReference = 63CB25752D5FCD6D1980B106 /* Pods-HireMeTests.debug.xcconfig */;
			buildSettings = {
				ALWAYS_EMBED_SWIFT_STANDARD_LIBRARIES = "$(inherited)";
				BUNDLE_LOADER = "$(TEST_HOST)";
				DEVELOPMENT_TEAM = E5QLQ9VDQN;
				INFOPLIST_FILE = HireMeTests/Info.plist;
				LD_RUNPATH_SEARCH_PATHS = "$(inherited) @executable_path/Frameworks @loader_path/Frameworks";
				OTHER_LDFLAGS = "";
				PRODUCT_BUNDLE_IDENTIFIER = com.precisioncodes.HireMeTests;
				PRODUCT_NAME = "$(TARGET_NAME)";
				SWIFT_VERSION = 3.0;
				TEST_HOST = "$(BUILT_PRODUCTS_DIR)/HireMe.app/HireMe";
			};
			name = Debug;
		};
		21B38F251DCC21A4000A5CB1 /* Release */ = {
			isa = XCBuildConfiguration;
			baseConfigurationReference = 34983C9B63B372B09F18A223 /* Pods-HireMeTests.release.xcconfig */;
			buildSettings = {
				ALWAYS_EMBED_SWIFT_STANDARD_LIBRARIES = "$(inherited)";
				BUNDLE_LOADER = "$(TEST_HOST)";
				DEVELOPMENT_TEAM = E5QLQ9VDQN;
				INFOPLIST_FILE = HireMeTests/Info.plist;
				LD_RUNPATH_SEARCH_PATHS = "$(inherited) @executable_path/Frameworks @loader_path/Frameworks";
				OTHER_LDFLAGS = "";
				PRODUCT_BUNDLE_IDENTIFIER = com.precisioncodes.HireMeTests;
				PRODUCT_NAME = "$(TARGET_NAME)";
				SWIFT_VERSION = 3.0;
				TEST_HOST = "$(BUILT_PRODUCTS_DIR)/HireMe.app/HireMe";
			};
			name = Release;
		};
		21B38F271DCC21A4000A5CB1 /* Debug */ = {
			isa = XCBuildConfiguration;
			baseConfigurationReference = 2788E1A6E281FCD49C176023 /* Pods-HireMeUITests.debug.xcconfig */;
			buildSettings = {
				ALWAYS_EMBED_SWIFT_STANDARD_LIBRARIES = "$(inherited)";
				DEVELOPMENT_TEAM = E5QLQ9VDQN;
				INFOPLIST_FILE = HireMeUITests/Info.plist;
				LD_RUNPATH_SEARCH_PATHS = "$(inherited) @executable_path/Frameworks @loader_path/Frameworks";
				OTHER_LDFLAGS = "";
				PRODUCT_BUNDLE_IDENTIFIER = com.precisioncodes.HireMeUITests;
				PRODUCT_NAME = "$(TARGET_NAME)";
				SWIFT_VERSION = 3.0;
				TEST_TARGET_NAME = HireMe;
			};
			name = Debug;
		};
		21B38F281DCC21A4000A5CB1 /* Release */ = {
			isa = XCBuildConfiguration;
			baseConfigurationReference = C50318D16C0CDDAFFD138EDC /* Pods-HireMeUITests.release.xcconfig */;
			buildSettings = {
				ALWAYS_EMBED_SWIFT_STANDARD_LIBRARIES = "$(inherited)";
				DEVELOPMENT_TEAM = E5QLQ9VDQN;
				INFOPLIST_FILE = HireMeUITests/Info.plist;
				LD_RUNPATH_SEARCH_PATHS = "$(inherited) @executable_path/Frameworks @loader_path/Frameworks";
				OTHER_LDFLAGS = "";
				PRODUCT_BUNDLE_IDENTIFIER = com.precisioncodes.HireMeUITests;
				PRODUCT_NAME = "$(TARGET_NAME)";
				SWIFT_VERSION = 3.0;
				TEST_TARGET_NAME = HireMe;
			};
			name = Release;
		};
/* End XCBuildConfiguration section */

/* Begin XCConfigurationList section */
		21B38EF31DCC21A4000A5CB1 /* Build configuration list for PBXProject "HireMe" */ = {
			isa = XCConfigurationList;
			buildConfigurations = (
				21B38F1E1DCC21A4000A5CB1 /* Debug */,
				21B38F1F1DCC21A4000A5CB1 /* Release */,
			);
			defaultConfigurationIsVisible = 0;
			defaultConfigurationName = Release;
		};
		21B38F201DCC21A4000A5CB1 /* Build configuration list for PBXNativeTarget "HireMe" */ = {
			isa = XCConfigurationList;
			buildConfigurations = (
				21B38F211DCC21A4000A5CB1 /* Debug */,
				21B38F221DCC21A4000A5CB1 /* Release */,
			);
			defaultConfigurationIsVisible = 0;
			defaultConfigurationName = Release;
		};
		21B38F231DCC21A4000A5CB1 /* Build configuration list for PBXNativeTarget "HireMeTests" */ = {
			isa = XCConfigurationList;
			buildConfigurations = (
				21B38F241DCC21A4000A5CB1 /* Debug */,
				21B38F251DCC21A4000A5CB1 /* Release */,
			);
			defaultConfigurationIsVisible = 0;
			defaultConfigurationName = Release;
		};
		21B38F261DCC21A4000A5CB1 /* Build configuration list for PBXNativeTarget "HireMeUITests" */ = {
			isa = XCConfigurationList;
			buildConfigurations = (
				21B38F271DCC21A4000A5CB1 /* Debug */,
				21B38F281DCC21A4000A5CB1 /* Release */,
			);
			defaultConfigurationIsVisible = 0;
			defaultConfigurationName = Release;
		};
/* End XCConfigurationList section */
	};
	rootObject = 21B38EF01DCC21A4000A5CB1 /* Project object */;
}
